
Microsoft Visual Studio Solution File, Format Version 12.00
# Visual Studio Version 17
VisualStudioVersion = 17.13.35825.156 d17.13
MinimumVisualStudioVersion = 10.0.40219.1
Project("{FAE04EC0-301F-11D3-BF4B-00C04F79EFBC}") = "Work12", "Work12\Work12.csproj", "{C8E1B476-B708-45E3-8876-F0C6BAA91034}"
EndProject
Global
	GlobalSection(SolutionConfigurationPlatforms) = preSolution
		Debug|Any CPU = Debug|Any CPU
		Release|Any CPU = Release|Any CPU
	EndGlobalSection
	GlobalSection(ProjectConfigurationPlatforms) = postSolution
		{C8E1B476-B708-45E3-8876-F0C6BAA91034}.Debug|Any CPU.ActiveCfg = Debug|Any CPU
		{C8E1B476-B708-45E3-8876-F0C6BAA91034}.Debug|Any CPU.Build.0 = Debug|Any CPU
		{C8E1B476-B708-45E3-8876-F0C6BAA91034}.Release|Any CPU.ActiveCfg = Release|Any CPU
		{C8E1B476-B708-45E3-8876-F0C6BAA91034}.Release|Any CPU.Build.0 = Release|Any CPU
	EndGlobalSection
	GlobalSection(SolutionProperties) = preSolution
		HideSolutionNode = FALSE
	EndGlobalSection
	GlobalSection(ExtensibilityGlobals) = postSolution
		SolutionGuid = {A3A114B8-6543-47BA-ADA0-DD93F00EC6A1}
	EndGlobalSection
EndGlobal
