
Microsoft Visual Studio Solution File, Format Version 12.00
# Visual Studio Version 17
VisualStudioVersion = 17.11.35222.181
MinimumVisualStudioVersion = 10.0.40219.1
Project("{FAE04EC0-301F-11D3-BF4B-00C04F79EFBC}") = "Work2", "Work2\Work2.csproj", "{BA5C69EB-3B58-46AC-9A0D-66F902B9524A}"
EndProject
Global
	GlobalSection(SolutionConfigurationPlatforms) = preSolution
		Debug|Any CPU = Debug|Any CPU
		Release|Any CPU = Release|Any CPU
	EndGlobalSection
	GlobalSection(ProjectConfigurationPlatforms) = postSolution
		{BA5C69EB-3B58-46AC-9A0D-66F902B9524A}.Debug|Any CPU.ActiveCfg = Debug|Any CPU
		{BA5C69EB-3B58-46AC-9A0D-66F902B9524A}.Debug|Any CPU.Build.0 = Debug|Any CPU
		{BA5C69EB-3B58-46AC-9A0D-66F902B9524A}.Release|Any CPU.ActiveCfg = Release|Any CPU
		{BA5C69EB-3B58-46AC-9A0D-66F902B9524A}.Release|Any CPU.Build.0 = Release|Any CPU
	EndGlobalSection
	GlobalSection(SolutionProperties) = preSolution
		HideSolutionNode = FALSE
	EndGlobalSection
	GlobalSection(ExtensibilityGlobals) = postSolution
		SolutionGuid = {EC162A1E-C87B-4208-B3B0-FFD870974315}
	EndGlobalSection
EndGlobal
