
Microsoft Visual Studio Solution File, Format Version 12.00
# Visual Studio Version 17
VisualStudioVersion = 17.11.35222.181
MinimumVisualStudioVersion = 10.0.40219.1
Project("{FAE04EC0-301F-11D3-BF4B-00C04F79EFBC}") = "Work5", "Work5\Work5.csproj", "{DE2FD58A-4116-49A4-AAC6-BCD0AF652E3A}"
EndProject
Global
	GlobalSection(SolutionConfigurationPlatforms) = preSolution
		Debug|Any CPU = Debug|Any CPU
		Release|Any CPU = Release|Any CPU
	EndGlobalSection
	GlobalSection(ProjectConfigurationPlatforms) = postSolution
		{DE2FD58A-4116-49A4-AAC6-BCD0AF652E3A}.Debug|Any CPU.ActiveCfg = Debug|Any CPU
		{DE2FD58A-4116-49A4-AAC6-BCD0AF652E3A}.Debug|Any CPU.Build.0 = Debug|Any CPU
		{DE2FD58A-4116-49A4-AAC6-BCD0AF652E3A}.Release|Any CPU.ActiveCfg = Release|Any CPU
		{DE2FD58A-4116-49A4-AAC6-BCD0AF652E3A}.Release|Any CPU.Build.0 = Release|Any CPU
	EndGlobalSection
	GlobalSection(SolutionProperties) = preSolution
		HideSolutionNode = FALSE
	EndGlobalSection
	GlobalSection(ExtensibilityGlobals) = postSolution
		SolutionGuid = {BA84793E-83D2-4612-BD81-2C1C1DA62B90}
	EndGlobalSection
EndGlobal
